# THIS IS AN AUTOGENERATED FILE. DO NOT EDIT THIS FILE DIRECTLY.
# yarn lockfile v1


kaboom@^2000.0.0:
  version "2000.0.0"
  resolved "https://registry.yarnpkg.com/kaboom/-/kaboom-2000.0.0.tgz#8d3438b73f1f0da5c2ff401ef32c1bb67dc46b9f"
  integrity sha512-TQj7VwOwkhmg01MwEWIC9paNuivC/bioKT3NI9rKW16TAol9Q/ynXMoWS59pRACech08wVspBnD7odLnropufQ==
